
Microsoft Visual Studio Solution File, Format Version 12.00
# Visual Studio 15
VisualStudioVersion = 15.0.27004.2006
MinimumVisualStudioVersion = 10.0.40219.1
Project("{FAE04EC0-301F-11D3-BF4B-00C04F79EFBC}") = "prueba2017", "prueba2017\prueba2017.csproj", "{ADED9AEF-2846-4B45-A891-48D029BCC596}"
EndProject
Global
	GlobalSection(SolutionConfigurationPlatforms) = preSolution
		Debug|Any CPU = Debug|Any CPU
		Release|Any CPU = Release|Any CPU
	EndGlobalSection
	GlobalSection(ProjectConfigurationPlatforms) = postSolution
		{ADED9AEF-2846-4B45-A891-48D029BCC596}.Debug|Any CPU.ActiveCfg = Debug|Any CPU
		{ADED9AEF-2846-4B45-A891-48D029BCC596}.Debug|Any CPU.Build.0 = Debug|Any CPU
		{ADED9AEF-2846-4B45-A891-48D029BCC596}.Release|Any CPU.ActiveCfg = Release|Any CPU
		{ADED9AEF-2846-4B45-A891-48D029BCC596}.Release|Any CPU.Build.0 = Release|Any CPU
	EndGlobalSection
	GlobalSection(SolutionProperties) = preSolution
		HideSolutionNode = FALSE
	EndGlobalSection
	GlobalSection(ExtensibilityGlobals) = postSolution
		SolutionGuid = {50F0116F-06D8-42D3-A8D6-FE9552A0CF5B}
	EndGlobalSection
EndGlobal
